
Microsoft Visual Studio Solution File, Format Version 12.00
# Visual Studio 15
VisualStudioVersion = 15.0.28307.572
MinimumVisualStudioVersion = 10.0.40219.1
Project("{FAE04EC0-301F-11D3-BF4B-00C04F79EFBC}") = "Tarea01", "Tarea01\Tarea01.csproj", "{4DF3DE2E-38D2-4117-96C2-03A74533DA0E}"
EndProject
Global
	GlobalSection(SolutionConfigurationPlatforms) = preSolution
		Debug|Any CPU = Debug|Any CPU
		Release|Any CPU = Release|Any CPU
	EndGlobalSection
	GlobalSection(ProjectConfigurationPlatforms) = postSolution
		{4DF3DE2E-38D2-4117-96C2-03A74533DA0E}.Debug|Any CPU.ActiveCfg = Debug|Any CPU
		{4DF3DE2E-38D2-4117-96C2-03A74533DA0E}.Debug|Any CPU.Build.0 = Debug|Any CPU
		{4DF3DE2E-38D2-4117-96C2-03A74533DA0E}.Release|Any CPU.ActiveCfg = Release|Any CPU
		{4DF3DE2E-38D2-4117-96C2-03A74533DA0E}.Release|Any CPU.Build.0 = Release|Any CPU
	EndGlobalSection
	GlobalSection(SolutionProperties) = preSolution
		HideSolutionNode = FALSE
	EndGlobalSection
	GlobalSection(ExtensibilityGlobals) = postSolution
		SolutionGuid = {82425B02-5660-433B-A787-0962636DA669}
	EndGlobalSection
EndGlobal
